
Microsoft Visual Studio Solution File, Format Version 12.00
# Visual Studio Version 17
VisualStudioVersion = 17.14.36301.6 d17.14
MinimumVisualStudioVersion = 10.0.40219.1
Project("{FAE04EC0-301F-11D3-BF4B-00C04F79EFBC}") = "server", "server\server.csproj", "{64701D13-5CC7-4BF1-A94C-3595F891DAA2}"
EndProject
Global
	GlobalSection(SolutionConfigurationPlatforms) = preSolution
		Debug|Any CPU = Debug|Any CPU
		Release|Any CPU = Release|Any CPU
	EndGlobalSection
	GlobalSection(ProjectConfigurationPlatforms) = postSolution
		{64701D13-5CC7-4BF1-A94C-3595F891DAA2}.Debug|Any CPU.ActiveCfg = Debug|Any CPU
		{64701D13-5CC7-4BF1-A94C-3595F891DAA2}.Debug|Any CPU.Build.0 = Debug|Any CPU
		{64701D13-5CC7-4BF1-A94C-3595F891DAA2}.Release|Any CPU.ActiveCfg = Release|Any CPU
		{64701D13-5CC7-4BF1-A94C-3595F891DAA2}.Release|Any CPU.Build.0 = Release|Any CPU
	EndGlobalSection
	GlobalSection(SolutionProperties) = preSolution
		HideSolutionNode = FALSE
	EndGlobalSection
	GlobalSection(ExtensibilityGlobals) = postSolution
		SolutionGuid = {ABCCAB43-FB54-457A-9179-DB7E64DB032A}
	EndGlobalSection
EndGlobal
